
Microsoft Visual Studio Solution File, Format Version 12.00
# Visual Studio Version 17
VisualStudioVersion = 17.4.33205.214
MinimumVisualStudioVersion = 10.0.40219.1
Project("{FAE04EC0-301F-11D3-BF4B-00C04F79EFBC}") = "SNTSS_API", "SNTSS_API\SNTSS_API.csproj", "{92BB3365-B733-40AE-8EBC-0E5A1D2AF384}"
EndProject
Global
	GlobalSection(SolutionConfigurationPlatforms) = preSolution
		Debug|Any CPU = Debug|Any CPU
		Release|Any CPU = Release|Any CPU
	EndGlobalSection
	GlobalSection(ProjectConfigurationPlatforms) = postSolution
		{92BB3365-B733-40AE-8EBC-0E5A1D2AF384}.Debug|Any CPU.ActiveCfg = Debug|Any CPU
		{92BB3365-B733-40AE-8EBC-0E5A1D2AF384}.Debug|Any CPU.Build.0 = Debug|Any CPU
		{92BB3365-B733-40AE-8EBC-0E5A1D2AF384}.Release|Any CPU.ActiveCfg = Release|Any CPU
		{92BB3365-B733-40AE-8EBC-0E5A1D2AF384}.Release|Any CPU.Build.0 = Release|Any CPU
	EndGlobalSection
	GlobalSection(SolutionProperties) = preSolution
		HideSolutionNode = FALSE
	EndGlobalSection
	GlobalSection(ExtensibilityGlobals) = postSolution
		SolutionGuid = {A1023838-2C0A-4CCD-A7B0-9F17E209BCE8}
	EndGlobalSection
EndGlobal
